
Microsoft Visual Studio Solution File, Format Version 12.00
# Visual Studio Version 17
VisualStudioVersion = 17.7.34031.279
MinimumVisualStudioVersion = 10.0.40219.1
Project("{FAE04EC0-301F-11D3-BF4B-00C04F79EFBC}") = "WpfAppClass221123", "WpfAppClass221123.csproj", "{56C9A584-FAAE-4369-A893-44790B30DA6E}"
EndProject
Global
	GlobalSection(SolutionConfigurationPlatforms) = preSolution
		Debug|Any CPU = Debug|Any CPU
		Release|Any CPU = Release|Any CPU
	EndGlobalSection
	GlobalSection(ProjectConfigurationPlatforms) = postSolution
		{56C9A584-FAAE-4369-A893-44790B30DA6E}.Debug|Any CPU.ActiveCfg = Debug|Any CPU
		{56C9A584-FAAE-4369-A893-44790B30DA6E}.Debug|Any CPU.Build.0 = Debug|Any CPU
		{56C9A584-FAAE-4369-A893-44790B30DA6E}.Release|Any CPU.ActiveCfg = Release|Any CPU
		{56C9A584-FAAE-4369-A893-44790B30DA6E}.Release|Any CPU.Build.0 = Release|Any CPU
	EndGlobalSection
	GlobalSection(SolutionProperties) = preSolution
		HideSolutionNode = FALSE
	EndGlobalSection
	GlobalSection(ExtensibilityGlobals) = postSolution
		SolutionGuid = {4F255FAF-408D-49C2-8189-8E41AA04D12B}
	EndGlobalSection
EndGlobal
